
Microsoft Visual Studio Solution File, Format Version 12.00
# Visual Studio 2012
Project("{FAE04EC0-301F-11D3-BF4B-00C04F79EFBC}") = "CapsuleDotNetConsoleApp", "CapsuleDotNetConsoleApp\CapsuleDotNetConsoleApp.csproj", "{9A7818A9-AFE3-45F3-B172-708A68C303DB}"
EndProject
Project("{FAE04EC0-301F-11D3-BF4B-00C04F79EFBC}") = "CapsuleDotNetWrapper", "CapsuleDotNetWrapper\CapsuleDotNetWrapper.csproj", "{7B5D6031-7174-488F-99D9-8CA4DF064F69}"
EndProject
Project("{FAE04EC0-301F-11D3-BF4B-00C04F79EFBC}") = "CapsuleDotNetTests", "CapsuleDotNetTests\CapsuleDotNetTests.csproj", "{9D9BB8FE-6488-40B3-AB86-91E6DC3D8DD6}"
EndProject
Global
	GlobalSection(SolutionConfigurationPlatforms) = preSolution
		Debug|Any CPU = Debug|Any CPU
		Release|Any CPU = Release|Any CPU
	EndGlobalSection
	GlobalSection(ProjectConfigurationPlatforms) = postSolution
		{9A7818A9-AFE3-45F3-B172-708A68C303DB}.Debug|Any CPU.ActiveCfg = Debug|Any CPU
		{9A7818A9-AFE3-45F3-B172-708A68C303DB}.Debug|Any CPU.Build.0 = Debug|Any CPU
		{9A7818A9-AFE3-45F3-B172-708A68C303DB}.Release|Any CPU.ActiveCfg = Release|Any CPU
		{9A7818A9-AFE3-45F3-B172-708A68C303DB}.Release|Any CPU.Build.0 = Release|Any CPU
		{7B5D6031-7174-488F-99D9-8CA4DF064F69}.Debug|Any CPU.ActiveCfg = Debug|Any CPU
		{7B5D6031-7174-488F-99D9-8CA4DF064F69}.Debug|Any CPU.Build.0 = Debug|Any CPU
		{7B5D6031-7174-488F-99D9-8CA4DF064F69}.Release|Any CPU.ActiveCfg = Release|Any CPU
		{7B5D6031-7174-488F-99D9-8CA4DF064F69}.Release|Any CPU.Build.0 = Release|Any CPU
		{9D9BB8FE-6488-40B3-AB86-91E6DC3D8DD6}.Debug|Any CPU.ActiveCfg = Debug|Any CPU
		{9D9BB8FE-6488-40B3-AB86-91E6DC3D8DD6}.Debug|Any CPU.Build.0 = Debug|Any CPU
		{9D9BB8FE-6488-40B3-AB86-91E6DC3D8DD6}.Release|Any CPU.ActiveCfg = Release|Any CPU
		{9D9BB8FE-6488-40B3-AB86-91E6DC3D8DD6}.Release|Any CPU.Build.0 = Release|Any CPU
	EndGlobalSection
	GlobalSection(SolutionProperties) = preSolution
		HideSolutionNode = FALSE
	EndGlobalSection
EndGlobal
